
Microsoft Visual Studio Solution File, Format Version 12.00
# Visual Studio Version 17
VisualStudioVersion = 17.3.32819.101
MinimumVisualStudioVersion = 10.0.40219.1
Project("{9A19103F-16F7-4668-BE54-9A1E7A4F7556}") = "FoodOrdersView", "FoodOrders\FoodOrdersView.csproj", "{5EBC4A03-F86E-493B-9BAF-E75FED9389FC}"
EndProject
Project("{9A19103F-16F7-4668-BE54-9A1E7A4F7556}") = "FoodOrdersDataModels", "FoodOrdersDataModels\FoodOrdersDataModels.csproj", "{8B4020EF-5761-489C-8958-9B37F4D7FECB}"
EndProject
Project("{9A19103F-16F7-4668-BE54-9A1E7A4F7556}") = "FoodOrdersContracts", "FoodOrdersContracts\FoodOrdersContracts.csproj", "{5527E07B-9B94-4735-93FB-49267F0B8038}"
EndProject
Project("{9A19103F-16F7-4668-BE54-9A1E7A4F7556}") = "FoodOrdersBusinessLogic", "FoodOrdersBusinessLogic\FoodOrdersBusinessLogic.csproj", "{4C44A99E-7D02-4D07-9714-9414423B560E}"
EndProject
Project("{9A19103F-16F7-4668-BE54-9A1E7A4F7556}") = "FoodOrdersListImplement", "FoodOrdersListImplement\FoodOrdersListImplement.csproj", "{A4012AB3-40FB-4FF6-A55A-E593AB80A153}"
EndProject
Project("{FAE04EC0-301F-11D3-BF4B-00C04F79EFBC}") = "FoodOrdersFileImplement", "FoodOrdersFileImplement\FoodOrdersFileImplement.csproj", "{E5B30B3F-30CF-4D4D-80E6-22A2EA20CC9C}"
EndProject
Global
	GlobalSection(SolutionConfigurationPlatforms) = preSolution
		Debug|Any CPU = Debug|Any CPU
		Release|Any CPU = Release|Any CPU
	EndGlobalSection
	GlobalSection(ProjectConfigurationPlatforms) = postSolution
		{5EBC4A03-F86E-493B-9BAF-E75FED9389FC}.Debug|Any CPU.ActiveCfg = Debug|Any CPU
		{5EBC4A03-F86E-493B-9BAF-E75FED9389FC}.Debug|Any CPU.Build.0 = Debug|Any CPU
		{5EBC4A03-F86E-493B-9BAF-E75FED9389FC}.Release|Any CPU.ActiveCfg = Release|Any CPU
		{5EBC4A03-F86E-493B-9BAF-E75FED9389FC}.Release|Any CPU.Build.0 = Release|Any CPU
		{8B4020EF-5761-489C-8958-9B37F4D7FECB}.Debug|Any CPU.ActiveCfg = Debug|Any CPU
		{8B4020EF-5761-489C-8958-9B37F4D7FECB}.Debug|Any CPU.Build.0 = Debug|Any CPU
		{8B4020EF-5761-489C-8958-9B37F4D7FECB}.Release|Any CPU.ActiveCfg = Release|Any CPU
		{8B4020EF-5761-489C-8958-9B37F4D7FECB}.Release|Any CPU.Build.0 = Release|Any CPU
		{5527E07B-9B94-4735-93FB-49267F0B8038}.Debug|Any CPU.ActiveCfg = Debug|Any CPU
		{5527E07B-9B94-4735-93FB-49267F0B8038}.Debug|Any CPU.Build.0 = Debug|Any CPU
		{5527E07B-9B94-4735-93FB-49267F0B8038}.Release|Any CPU.ActiveCfg = Release|Any CPU
		{5527E07B-9B94-4735-93FB-49267F0B8038}.Release|Any CPU.Build.0 = Release|Any CPU
		{4C44A99E-7D02-4D07-9714-9414423B560E}.Debug|Any CPU.ActiveCfg = Debug|Any CPU
		{4C44A99E-7D02-4D07-9714-9414423B560E}.Debug|Any CPU.Build.0 = Debug|Any CPU
		{4C44A99E-7D02-4D07-9714-9414423B560E}.Release|Any CPU.ActiveCfg = Release|Any CPU
		{4C44A99E-7D02-4D07-9714-9414423B560E}.Release|Any CPU.Build.0 = Release|Any CPU
		{A4012AB3-40FB-4FF6-A55A-E593AB80A153}.Debug|Any CPU.ActiveCfg = Debug|Any CPU
		{A4012AB3-40FB-4FF6-A55A-E593AB80A153}.Debug|Any CPU.Build.0 = Debug|Any CPU
		{A4012AB3-40FB-4FF6-A55A-E593AB80A153}.Release|Any CPU.ActiveCfg = Release|Any CPU
		{A4012AB3-40FB-4FF6-A55A-E593AB80A153}.Release|Any CPU.Build.0 = Release|Any CPU
		{E5B30B3F-30CF-4D4D-80E6-22A2EA20CC9C}.Debug|Any CPU.ActiveCfg = Debug|Any CPU
		{E5B30B3F-30CF-4D4D-80E6-22A2EA20CC9C}.Debug|Any CPU.Build.0 = Debug|Any CPU
		{E5B30B3F-30CF-4D4D-80E6-22A2EA20CC9C}.Release|Any CPU.ActiveCfg = Release|Any CPU
		{E5B30B3F-30CF-4D4D-80E6-22A2EA20CC9C}.Release|Any CPU.Build.0 = Release|Any CPU
	EndGlobalSection
	GlobalSection(SolutionProperties) = preSolution
		HideSolutionNode = FALSE
	EndGlobalSection
	GlobalSection(ExtensibilityGlobals) = postSolution
		SolutionGuid = {6D0405B3-B658-4C1B-920E-2331BA62926A}
	EndGlobalSection
EndGlobal
